
Microsoft Visual Studio Solution File, Format Version 12.00
# Visual Studio 2012
Project("{FAE04EC0-301F-11D3-BF4B-00C04F79EFBC}") = "Ejercicio52", "Ejercicio52\Ejercicio52.csproj", "{85CD734B-2281-418D-8106-2743C6071705}"
EndProject
Project("{FAE04EC0-301F-11D3-BF4B-00C04F79EFBC}") = "Entidades", "Entidades\Entidades.csproj", "{D4A806D8-6485-44F1-875C-11113CE93D1E}"
EndProject
Global
	GlobalSection(SolutionConfigurationPlatforms) = preSolution
		Debug|Any CPU = Debug|Any CPU
		Release|Any CPU = Release|Any CPU
	EndGlobalSection
	GlobalSection(ProjectConfigurationPlatforms) = postSolution
		{85CD734B-2281-418D-8106-2743C6071705}.Debug|Any CPU.ActiveCfg = Debug|Any CPU
		{85CD734B-2281-418D-8106-2743C6071705}.Debug|Any CPU.Build.0 = Debug|Any CPU
		{85CD734B-2281-418D-8106-2743C6071705}.Release|Any CPU.ActiveCfg = Release|Any CPU
		{85CD734B-2281-418D-8106-2743C6071705}.Release|Any CPU.Build.0 = Release|Any CPU
		{D4A806D8-6485-44F1-875C-11113CE93D1E}.Debug|Any CPU.ActiveCfg = Debug|Any CPU
		{D4A806D8-6485-44F1-875C-11113CE93D1E}.Debug|Any CPU.Build.0 = Debug|Any CPU
		{D4A806D8-6485-44F1-875C-11113CE93D1E}.Release|Any CPU.ActiveCfg = Release|Any CPU
		{D4A806D8-6485-44F1-875C-11113CE93D1E}.Release|Any CPU.Build.0 = Release|Any CPU
	EndGlobalSection
	GlobalSection(SolutionProperties) = preSolution
		HideSolutionNode = FALSE
	EndGlobalSection
EndGlobal
