
Microsoft Visual Studio Solution File, Format Version 12.00
# Visual Studio 2012
Project("{FAE04EC0-301F-11D3-BF4B-00C04F79EFBC}") = "BaseDeDatosPractice", "BaseDeDatosPractice\BaseDeDatosPractice.csproj", "{7C71C5C5-59CA-4EAC-8835-79552C2CEB56}"
EndProject
Project("{FAE04EC0-301F-11D3-BF4B-00C04F79EFBC}") = "ThreadsFirst", "ThreadsFirst\ThreadsFirst.csproj", "{808A39A2-78C5-446A-8FA2-1285B179280C}"
EndProject
Project("{FAE04EC0-301F-11D3-BF4B-00C04F79EFBC}") = "Comercio", "Comercio\Comercio.csproj", "{946FFA93-652B-40EA-ACC9-7C1127B4FB32}"
EndProject
Global
	GlobalSection(SolutionConfigurationPlatforms) = preSolution
		Debug|Any CPU = Debug|Any CPU
		Release|Any CPU = Release|Any CPU
	EndGlobalSection
	GlobalSection(ProjectConfigurationPlatforms) = postSolution
		{7C71C5C5-59CA-4EAC-8835-79552C2CEB56}.Debug|Any CPU.ActiveCfg = Debug|Any CPU
		{7C71C5C5-59CA-4EAC-8835-79552C2CEB56}.Debug|Any CPU.Build.0 = Debug|Any CPU
		{7C71C5C5-59CA-4EAC-8835-79552C2CEB56}.Release|Any CPU.ActiveCfg = Release|Any CPU
		{7C71C5C5-59CA-4EAC-8835-79552C2CEB56}.Release|Any CPU.Build.0 = Release|Any CPU
		{808A39A2-78C5-446A-8FA2-1285B179280C}.Debug|Any CPU.ActiveCfg = Debug|Any CPU
		{808A39A2-78C5-446A-8FA2-1285B179280C}.Debug|Any CPU.Build.0 = Debug|Any CPU
		{808A39A2-78C5-446A-8FA2-1285B179280C}.Release|Any CPU.ActiveCfg = Release|Any CPU
		{808A39A2-78C5-446A-8FA2-1285B179280C}.Release|Any CPU.Build.0 = Release|Any CPU
		{946FFA93-652B-40EA-ACC9-7C1127B4FB32}.Debug|Any CPU.ActiveCfg = Debug|Any CPU
		{946FFA93-652B-40EA-ACC9-7C1127B4FB32}.Debug|Any CPU.Build.0 = Debug|Any CPU
		{946FFA93-652B-40EA-ACC9-7C1127B4FB32}.Release|Any CPU.ActiveCfg = Release|Any CPU
		{946FFA93-652B-40EA-ACC9-7C1127B4FB32}.Release|Any CPU.Build.0 = Release|Any CPU
	EndGlobalSection
	GlobalSection(SolutionProperties) = preSolution
		HideSolutionNode = FALSE
	EndGlobalSection
EndGlobal
