
Microsoft Visual Studio Solution File, Format Version 12.00
# Visual Studio 2012
Project("{FAE04EC0-301F-11D3-BF4B-00C04F79EFBC}") = "VistaConsola", "VistaConsola\VistaConsola.csproj", "{FA78BDB4-3E55-4079-B5C0-BF380F8F573F}"
EndProject
Project("{FAE04EC0-301F-11D3-BF4B-00C04F79EFBC}") = "Entidades", "Entidades\Entidades.csproj", "{B444C7FD-2D27-468E-8A74-1B6DEFAAAF7E}"
EndProject
Project("{FAE04EC0-301F-11D3-BF4B-00C04F79EFBC}") = "VistaForm", "VistaForm\VistaForm.csproj", "{8CE81E6E-EA43-4863-AA09-C0E7C191CCC1}"
EndProject
Global
	GlobalSection(SolutionConfigurationPlatforms) = preSolution
		Debug|Any CPU = Debug|Any CPU
		Release|Any CPU = Release|Any CPU
	EndGlobalSection
	GlobalSection(ProjectConfigurationPlatforms) = postSolution
		{FA78BDB4-3E55-4079-B5C0-BF380F8F573F}.Debug|Any CPU.ActiveCfg = Debug|Any CPU
		{FA78BDB4-3E55-4079-B5C0-BF380F8F573F}.Debug|Any CPU.Build.0 = Debug|Any CPU
		{FA78BDB4-3E55-4079-B5C0-BF380F8F573F}.Release|Any CPU.ActiveCfg = Release|Any CPU
		{FA78BDB4-3E55-4079-B5C0-BF380F8F573F}.Release|Any CPU.Build.0 = Release|Any CPU
		{B444C7FD-2D27-468E-8A74-1B6DEFAAAF7E}.Debug|Any CPU.ActiveCfg = Debug|Any CPU
		{B444C7FD-2D27-468E-8A74-1B6DEFAAAF7E}.Debug|Any CPU.Build.0 = Debug|Any CPU
		{B444C7FD-2D27-468E-8A74-1B6DEFAAAF7E}.Release|Any CPU.ActiveCfg = Release|Any CPU
		{B444C7FD-2D27-468E-8A74-1B6DEFAAAF7E}.Release|Any CPU.Build.0 = Release|Any CPU
		{8CE81E6E-EA43-4863-AA09-C0E7C191CCC1}.Debug|Any CPU.ActiveCfg = Debug|Any CPU
		{8CE81E6E-EA43-4863-AA09-C0E7C191CCC1}.Debug|Any CPU.Build.0 = Debug|Any CPU
		{8CE81E6E-EA43-4863-AA09-C0E7C191CCC1}.Release|Any CPU.ActiveCfg = Release|Any CPU
		{8CE81E6E-EA43-4863-AA09-C0E7C191CCC1}.Release|Any CPU.Build.0 = Release|Any CPU
	EndGlobalSection
	GlobalSection(SolutionProperties) = preSolution
		HideSolutionNode = FALSE
	EndGlobalSection
EndGlobal
